
Microsoft Visual Studio Solution File, Format Version 11.00
# Visual Studio 2010
Project("{FAE04EC0-301F-11D3-BF4B-00C04F79EFBC}") = "ComplexSystems", "ComplexSystems\ComplexSystems.csproj", "{35387977-FCF5-41C8-BA3A-700CB9F97B16}"
EndProject
Project("{FAE04EC0-301F-11D3-BF4B-00C04F79EFBC}") = "Common", "..\OpenPadProject\Common\Common.csproj", "{D7BCE323-ADC9-4E4C-9DB9-E54E3BE20559}"
EndProject
Project("{FAE04EC0-301F-11D3-BF4B-00C04F79EFBC}") = "EggDropProblem", "EggDropProblem\EggDropProblem.csproj", "{26BC4D48-5289-444D-80ED-F546F312C085}"
EndProject
Global
	GlobalSection(SolutionConfigurationPlatforms) = preSolution
		Debug|Any CPU = Debug|Any CPU
		Debug|Mixed Platforms = Debug|Mixed Platforms
		Debug|x86 = Debug|x86
		Release|Any CPU = Release|Any CPU
		Release|Mixed Platforms = Release|Mixed Platforms
		Release|x86 = Release|x86
	EndGlobalSection
	GlobalSection(ProjectConfigurationPlatforms) = postSolution
		{35387977-FCF5-41C8-BA3A-700CB9F97B16}.Debug|Any CPU.ActiveCfg = Debug|x86
		{35387977-FCF5-41C8-BA3A-700CB9F97B16}.Debug|Mixed Platforms.ActiveCfg = Debug|x86
		{35387977-FCF5-41C8-BA3A-700CB9F97B16}.Debug|Mixed Platforms.Build.0 = Debug|x86
		{35387977-FCF5-41C8-BA3A-700CB9F97B16}.Debug|x86.ActiveCfg = Debug|x86
		{35387977-FCF5-41C8-BA3A-700CB9F97B16}.Debug|x86.Build.0 = Debug|x86
		{35387977-FCF5-41C8-BA3A-700CB9F97B16}.Release|Any CPU.ActiveCfg = Release|x86
		{35387977-FCF5-41C8-BA3A-700CB9F97B16}.Release|Mixed Platforms.ActiveCfg = Release|x86
		{35387977-FCF5-41C8-BA3A-700CB9F97B16}.Release|Mixed Platforms.Build.0 = Release|x86
		{35387977-FCF5-41C8-BA3A-700CB9F97B16}.Release|x86.ActiveCfg = Release|x86
		{35387977-FCF5-41C8-BA3A-700CB9F97B16}.Release|x86.Build.0 = Release|x86
		{D7BCE323-ADC9-4E4C-9DB9-E54E3BE20559}.Debug|Any CPU.ActiveCfg = Debug|Any CPU
		{D7BCE323-ADC9-4E4C-9DB9-E54E3BE20559}.Debug|Any CPU.Build.0 = Debug|Any CPU
		{D7BCE323-ADC9-4E4C-9DB9-E54E3BE20559}.Debug|Mixed Platforms.ActiveCfg = Debug|Any CPU
		{D7BCE323-ADC9-4E4C-9DB9-E54E3BE20559}.Debug|Mixed Platforms.Build.0 = Debug|Any CPU
		{D7BCE323-ADC9-4E4C-9DB9-E54E3BE20559}.Debug|x86.ActiveCfg = Debug|Any CPU
		{D7BCE323-ADC9-4E4C-9DB9-E54E3BE20559}.Release|Any CPU.ActiveCfg = Release|Any CPU
		{D7BCE323-ADC9-4E4C-9DB9-E54E3BE20559}.Release|Any CPU.Build.0 = Release|Any CPU
		{D7BCE323-ADC9-4E4C-9DB9-E54E3BE20559}.Release|Mixed Platforms.ActiveCfg = Release|Any CPU
		{D7BCE323-ADC9-4E4C-9DB9-E54E3BE20559}.Release|Mixed Platforms.Build.0 = Release|Any CPU
		{D7BCE323-ADC9-4E4C-9DB9-E54E3BE20559}.Release|x86.ActiveCfg = Release|Any CPU
		{26BC4D48-5289-444D-80ED-F546F312C085}.Debug|Any CPU.ActiveCfg = Debug|x86
		{26BC4D48-5289-444D-80ED-F546F312C085}.Debug|Mixed Platforms.ActiveCfg = Debug|x86
		{26BC4D48-5289-444D-80ED-F546F312C085}.Debug|Mixed Platforms.Build.0 = Debug|x86
		{26BC4D48-5289-444D-80ED-F546F312C085}.Debug|x86.ActiveCfg = Debug|x86
		{26BC4D48-5289-444D-80ED-F546F312C085}.Debug|x86.Build.0 = Debug|x86
		{26BC4D48-5289-444D-80ED-F546F312C085}.Release|Any CPU.ActiveCfg = Release|x86
		{26BC4D48-5289-444D-80ED-F546F312C085}.Release|Mixed Platforms.ActiveCfg = Release|x86
		{26BC4D48-5289-444D-80ED-F546F312C085}.Release|Mixed Platforms.Build.0 = Release|x86
		{26BC4D48-5289-444D-80ED-F546F312C085}.Release|x86.ActiveCfg = Release|x86
		{26BC4D48-5289-444D-80ED-F546F312C085}.Release|x86.Build.0 = Release|x86
	EndGlobalSection
	GlobalSection(SolutionProperties) = preSolution
		HideSolutionNode = FALSE
	EndGlobalSection
EndGlobal
